<?xml version="1.0" encoding="utf-8"?>
<Project ToolsVersion="4.0" xmlns="http://schemas.microsoft.com/developer/msbuild/2003">
  <ItemGroup>
    <Filter Include="Source Files">
      <UniqueIdentifier>{4FC737F1-C7A5-4376-A066-2A32D752A2FF}</UniqueIdentifier>
      <Extensions>cpp;c;cc;cxx;def;odl;idl;hpj;bat;asm;asmx</Extensions>
    </Filter>
    <Filter Include="Header Files">
      <UniqueIdentifier>{93995380-89BD-4b04-88EB-625FBE52EBFB}</UniqueIdentifier>
      <Extensions>h;hh;hpp;hxx;hm;inl;inc;xsd</Extensions>
    </Filter>
    <Filter Include="Resource Files">
      <UniqueIdentifier>{67DA6AB6-F800-4c08-8B7A-83BB121AAD01}</UniqueIdentifier>
      <Extensions>rc;ico;cur;bmp;dlg;rc2;rct;bin;rgs;gif;jpg;jpeg;jpe;resx;tiff;tif;png;wav;mfcribbon-ms</Extensions>
    </Filter>
  </ItemGroup>
  <ItemGroup>
    <ClCompile Include="Source.cpp">
      <Filter>Source Files</Filter>
    </ClCompile>
    <ClCompile Include="Functions.cpp">
      <Filter>Source Files</Filter>
    </ClCompile>
    <ClCompile Include="PlayMusic.cpp">
      <Filter>Source Files</Filter>
    </ClCompile>
    <ClCompile Include="STexture.cpp">
      <Filter>Source Files</Filter>
    </ClCompile>
    <ClCompile Include="SButton.cpp">
      <Filter>Source Files</Filter>
    </ClCompile>
    <ClCompile Include="Page.cpp">
      <Filter>Source Files</Filter>
    </ClCompile>
    <ClCompile Include="ClassFood.cpp">
      <Filter>Source Files</Filter>
    </ClCompile>
    <ClCompile Include="ClassGhost.cpp">
      <Filter>Source Files</Filter>
    </ClCompile>
    <ClCompile Include="ClassMovingTexture.cpp">
      <Filter>Source Files</Filter>
    </ClCompile>
    <ClCompile Include="ClassPacmen.cpp">
      <Filter>Source Files</Filter>
    </ClCompile>
    <ClCompile Include="ClassPacmenData.cpp">
      <Filter>Source Files</Filter>
    </ClCompile>
    <ClCompile Include="ClassTargets.cpp">
      <Filter>Source Files</Filter>
    </ClCompile>
    <ClCompile Include="ClassTexture.cpp">
      <Filter>Source Files</Filter>
    </ClCompile>
    <ClCompile Include="ClassVector.cpp">
      <Filter>Source Files</Filter>
    </ClCompile>
  </ItemGroup>
  <ItemGroup>
    <ClInclude Include="include.h">
      <Filter>Header Files</Filter>
    </ClInclude>
    <ClInclude Include="resource.h">
      <Filter>Header Files</Filter>
    </ClInclude>
    <ClInclude Include="STexture.h">
      <Filter>Header Files</Filter>
    </ClInclude>
    <ClInclude Include="SButton.h">
      <Filter>Header Files</Filter>
    </ClInclude>
    <ClInclude Include="Page.h">
      <Filter>Header Files</Filter>
    </ClInclude>
    <ClInclude Include="PlayMusic.h">
      <Filter>Header Files</Filter>
    </ClInclude>
    <ClInclude Include="ClassFood.h">
      <Filter>Header Files</Filter>
    </ClInclude>
    <ClInclude Include="ClassGhost.h">
      <Filter>Header Files</Filter>
    </ClInclude>
    <ClInclude Include="ClassMovingTexture.h">
      <Filter>Header Files</Filter>
    </ClInclude>
    <ClInclude Include="ClassPacmen.h">
      <Filter>Header Files</Filter>
    </ClInclude>
    <ClInclude Include="ClassPacmenData.h">
      <Filter>Header Files</Filter>
    </ClInclude>
    <ClInclude Include="ClassTargets.h">
      <Filter>Header Files</Filter>
    </ClInclude>
    <ClInclude Include="ClassTexture.h">
      <Filter>Header Files</Filter>
    </ClInclude>
    <ClInclude Include="ClassVector.h">
      <Filter>Header Files</Filter>
    </ClInclude>
    <ClInclude Include="FunctionDec.h">
      <Filter>Header Files</Filter>
    </ClInclude>
    <ClInclude Include="functions.h">
      <Filter>Header Files</Filter>
    </ClInclude>
    <ClInclude Include="GlobalDec.h">
      <Filter>Header Files</Filter>
    </ClInclude>
  </ItemGroup>
  <ItemGroup>
    <ResourceCompile Include="Project3.rc">
      <Filter>Resource Files</Filter>
    </ResourceCompile>
  </ItemGroup>
</Project>